# This file was autogenerated by uv via the following command:
#    uv pip compile worker/requirements-encoder.in --no-deps --generate-hashes --python-version 3.12 --python-platform aarch64-apple-darwin -o worker/requirements-encoder.lock
onnxruntime==1.28.0 \
    --hash=sha256:07fb3cbe990d6bf0ab3c22bfbbfb0e314151266046ea6edb4a07f556b4258c5f \
    --hash=sha256:0a83bdb70d143cede762b677789bf2a7acca54b3fb82565601d5c30695aa933c \
    --hash=sha256:0d650aeee29368414367b65529e90afe4bf1bab76254789063b8b2f7ea3013c8 \
    --hash=sha256:0faf85fb447a663c9cdadc39bd6b19bdf7bedded6699e45731b9b36c46fd993d \
    --hash=sha256:1a1a19175464665c9b8d50bc916f216cc0b569110045b7bbca8f9f290b186f58 \
    --hash=sha256:26ff0fdd06efb6c155bae95387a09db1a2be89c7a03e4d0bffd5a171cc2826da \
    --hash=sha256:31410f544674f534c2f27348af52ef81682ca9c8719154bf4d48f0ef23823b1e \
    --hash=sha256:4e81a23df16e7acb9d51b06d30cc098e49315ef9180f97bc2221d167b4b04d9c \
    --hash=sha256:4f6e92367ddce1e4d33cf295024f40192be6c6171a09208f515ba169ced06c8e \
    --hash=sha256:54fa221d669282bd8f582708ce4c96010a7e9fb0661f9006b37fe2fedafb73fe \
    --hash=sha256:6afdc83f1317c136e92fc29f5ee9f058de59d87c0b22cee3fdbfbaa0ccc2098a \
    --hash=sha256:8adff67a3f28257b37cfe945a7e952e4122666aa8c91a0380862e9fd4c2ed19f \
    --hash=sha256:8d66f9ceb29909c70839e4e4fb3435c7b490050d8f162bd5f3aba4ca01ee517f \
    --hash=sha256:a166b78ee04f3a37fa1ef82034b6a3ce96d9684e582d4d30b296de83e9998bb5 \
    --hash=sha256:ac301f53b1930402fc46c368e268acfed02f3207272aaff05070d7e09f96f031 \
    --hash=sha256:bc2565e487b4896fb988d6383577d875d958e071fc5f6c3550bd5d02ae98264b \
    --hash=sha256:c35064f9b3c43c81c5d5d282091401d0f1ff22796d93ccade4ea2ece5e137ab8 \
    --hash=sha256:cfab507abe09d6ffeb817eee07944d452fdc0b00fdcef34cab4db10a45e378c7 \
    --hash=sha256:e02feeb0165c5f13b4cc954738078d59b90128516ac12b671ee24a530242bf02 \
    --hash=sha256:e562d6e36a749f6764481c0ddb0f2af3d0b5a3c164291361d08803c557f369af \
    --hash=sha256:f2a3b9e30ce880d4ca54999cb313569e36da4f62eefe25f87be18f43e9a3a4d5 \
    --hash=sha256:f5c5daabd28aad610f83fdcf32acec8fb57e6adc6c6a39fe2a3c755db957b410 \
    --hash=sha256:f649dd6f6452d12a8059888aa489fe519e062e18793dac72b9efa0f9fdb64135 \
    --hash=sha256:f7f022a1103cae591c75fc4565589a515f2ddd14a6ac8e8a05812dfeda142e28
    # via -r worker/requirements-encoder.in
