# This file was autogenerated by uv via the following command:
#    uv pip compile worker/requirements-embedder.in --no-deps --generate-hashes --python-version 3.12 --python-platform aarch64-apple-darwin -o worker/requirements-embedder.lock
tokenizers==0.22.2 \
    --hash=sha256:143b999bdc46d10febb15cbffb4207ddd1f410e2c755857b5a0797961bbdc113 \
    --hash=sha256:1a62ba2c5faa2dd175aaeed7b15abf18d20266189fb3406c5d0550dd34dd5f37 \
    --hash=sha256:1c774b1276f71e1ef716e5486f21e76333464f47bece56bbd554485982a9e03e \
    --hash=sha256:1e418a55456beedca4621dbab65a318981467a2b188e982a23e117f115ce5001 \
    --hash=sha256:1e50f8554d504f617d9e9d6e4c2c2884a12b388a97c5c77f0bc6cf4cd032feee \
    --hash=sha256:2249487018adec45d6e3554c71d46eb39fa8ea67156c640f7513eb26f318cec7 \
    --hash=sha256:25b85325d0815e86e0bac263506dd114578953b7b53d7de09a6485e4a160a7dd \
    --hash=sha256:29c30b83d8dcd061078b05ae0cb94d3c710555fbb44861139f9f83dcca3dc3e4 \
    --hash=sha256:319f659ee992222f04e58f84cbf407cfa66a65fe3a8de44e8ad2bc53e7d99012 \
    --hash=sha256:369cc9fc8cc10cb24143873a0d95438bb8ee257bb80c71989e3ee290e8d72c67 \
    --hash=sha256:37ae80a28c1d3265bb1f22464c856bd23c02a05bb211e56d0c5301a435be6c1a \
    --hash=sha256:38337540fbbddff8e999d59970f3c6f35a82de10053206a7562f1ea02d046fa5 \
    --hash=sha256:473b83b915e547aa366d1eee11806deaf419e17be16310ac0a14077f1e28f917 \
    --hash=sha256:544dd704ae7238755d790de45ba8da072e9af3eea688f698b137915ae959281c \
    --hash=sha256:64d94e84f6660764e64e7e0b22baa72f6cd942279fdbb21d46abd70d179f0195 \
    --hash=sha256:753d47ebd4542742ef9261d9da92cd545b2cacbb48349a1225466745bb866ec4 \
    --hash=sha256:791135ee325f2336f498590eb2f11dc5c295232f288e75c99a36c5dbce63088a \
    --hash=sha256:9ce725d22864a1e965217204946f830c37876eee3b2ba6fc6255e8e903d5fcbc \
    --hash=sha256:a6bf3f88c554a2b653af81f3204491c818ae2ac6fbc09e76ef4773351292bc92 \
    --hash=sha256:bfb88f22a209ff7b40a576d5324bf8286b519d7358663db21d6246fb17eea2d5 \
    --hash=sha256:c9ea31edff2968b44a88f97d784c2f16dc0729b8b143ed004699ebca91f05c48 \
    --hash=sha256:df6c4265b289083bf710dff49bc51ef252f9d5be33a45ee2bed151114a56207b \
    --hash=sha256:e10bf9113d209be7cd046d40fbabbaf3278ff6d18eb4da4c500443185dc1896c \
    --hash=sha256:f01a9c019878532f98927d2bacb79bbb404b43d3437455522a00a30718cdedb5
    # via -r worker/requirements-embedder.in
