# This file was autogenerated by uv via the following command:
#    uv pip compile worker/requirements-mlx-whisper.in --no-deps --generate-hashes --python-version 3.12 --python-platform aarch64-apple-darwin -o worker/requirements-mlx-whisper.lock
mlx-whisper==0.4.3 \
    --hash=sha256:6b82b6597a994643a3e5496c7bc229a672e5ca308458455bfe276e76ae024489
    # via -r worker/requirements-mlx-whisper.in
